
Microsoft Visual Studio Solution File, Format Version 12.00
# Visual Studio Version 17
VisualStudioVersion = 17.14.36109.1 d17.14
MinimumVisualStudioVersion = 10.0.40219.1
Project("{FAE04EC0-301F-11D3-BF4B-00C04F79EFBC}") = "ArrayCalculator", "ArrayCalculator\ArrayCalculator.csproj", "{0DB15B02-C3CF-4880-880A-F00EEFC61FB9}"
EndProject
Project("{FAE04EC0-301F-11D3-BF4B-00C04F79EFBC}") = "TestArrayCalculator", "TestArrayCalculator\TestArrayCalculator.csproj", "{2CF0A607-8291-4C03-948C-5E6AFDFB0157}"
EndProject
Global
	GlobalSection(SolutionConfigurationPlatforms) = preSolution
		Debug|Any CPU = Debug|Any CPU
		Release|Any CPU = Release|Any CPU
	EndGlobalSection
	GlobalSection(ProjectConfigurationPlatforms) = postSolution
		{0DB15B02-C3CF-4880-880A-F00EEFC61FB9}.Debug|Any CPU.ActiveCfg = Debug|Any CPU
		{0DB15B02-C3CF-4880-880A-F00EEFC61FB9}.Debug|Any CPU.Build.0 = Debug|Any CPU
		{0DB15B02-C3CF-4880-880A-F00EEFC61FB9}.Release|Any CPU.ActiveCfg = Release|Any CPU
		{0DB15B02-C3CF-4880-880A-F00EEFC61FB9}.Release|Any CPU.Build.0 = Release|Any CPU
		{2CF0A607-8291-4C03-948C-5E6AFDFB0157}.Debug|Any CPU.ActiveCfg = Debug|Any CPU
		{2CF0A607-8291-4C03-948C-5E6AFDFB0157}.Debug|Any CPU.Build.0 = Debug|Any CPU
		{2CF0A607-8291-4C03-948C-5E6AFDFB0157}.Release|Any CPU.ActiveCfg = Release|Any CPU
		{2CF0A607-8291-4C03-948C-5E6AFDFB0157}.Release|Any CPU.Build.0 = Release|Any CPU
	EndGlobalSection
	GlobalSection(SolutionProperties) = preSolution
		HideSolutionNode = FALSE
	EndGlobalSection
	GlobalSection(ExtensibilityGlobals) = postSolution
		SolutionGuid = {30B6037B-3961-4274-8CEF-39A76A6D30B2}
	EndGlobalSection
EndGlobal
